
Microsoft Visual Studio Solution File, Format Version 12.00
# Visual Studio Version 17
VisualStudioVersion = 17.6.33829.357
MinimumVisualStudioVersion = 10.0.40219.1
Project("{FAE04EC0-301F-11D3-BF4B-00C04F79EFBC}") = "Core.Persistance", "Core.Persistance\Core.Persistance.csproj", "{2BC51C90-9B4A-4E5B-8FDE-20D16F0FEED8}"
EndProject
Global
	GlobalSection(SolutionConfigurationPlatforms) = preSolution
		Debug|Any CPU = Debug|Any CPU
		Release|Any CPU = Release|Any CPU
	EndGlobalSection
	GlobalSection(ProjectConfigurationPlatforms) = postSolution
		{2BC51C90-9B4A-4E5B-8FDE-20D16F0FEED8}.Debug|Any CPU.ActiveCfg = Debug|Any CPU
		{2BC51C90-9B4A-4E5B-8FDE-20D16F0FEED8}.Debug|Any CPU.Build.0 = Debug|Any CPU
		{2BC51C90-9B4A-4E5B-8FDE-20D16F0FEED8}.Release|Any CPU.ActiveCfg = Release|Any CPU
		{2BC51C90-9B4A-4E5B-8FDE-20D16F0FEED8}.Release|Any CPU.Build.0 = Release|Any CPU
	EndGlobalSection
	GlobalSection(SolutionProperties) = preSolution
		HideSolutionNode = FALSE
	EndGlobalSection
	GlobalSection(ExtensibilityGlobals) = postSolution
		SolutionGuid = {2B17682A-AA59-4232-BE37-82131A094FD6}
	EndGlobalSection
EndGlobal
