
Microsoft Visual Studio Solution File, Format Version 12.00
# Visual Studio Version 17
VisualStudioVersion = 17.0.32014.148
MinimumVisualStudioVersion = 10.0.40219.1
Project("{9A19103F-16F7-4668-BE54-9A1E7A4F7556}") = "WebApi", "WebApi\WebApi.csproj", "{4051E347-C54A-42A0-8ACB-F7540493513F}"
EndProject
Project("{FAE04EC0-301F-11D3-BF4B-00C04F79EFBC}") = "Persistance", "Persistance\Persistance.csproj", "{2AAABC80-0123-4C4D-877C-6D4654817FFC}"
EndProject
Project("{FAE04EC0-301F-11D3-BF4B-00C04F79EFBC}") = "Domain", "Domain\Domain.csproj", "{EC569F06-0A24-4408-8173-3D4AA683B097}"
EndProject
Project("{FAE04EC0-301F-11D3-BF4B-00C04F79EFBC}") = "Business", "Business\Business.csproj", "{2355B0F0-5D89-4BAC-9018-769CDC957AD1}"
EndProject
Project("{FAE04EC0-301F-11D3-BF4B-00C04F79EFBC}") = "Infrastructure", "Infrastructure\Infrastructure.csproj", "{C5DBE890-99E8-4A91-9757-3B608582C5B0}"
EndProject
Global
	GlobalSection(SolutionConfigurationPlatforms) = preSolution
		Debug|Any CPU = Debug|Any CPU
		Release|Any CPU = Release|Any CPU
	EndGlobalSection
	GlobalSection(ProjectConfigurationPlatforms) = postSolution
		{4051E347-C54A-42A0-8ACB-F7540493513F}.Debug|Any CPU.ActiveCfg = Debug|Any CPU
		{4051E347-C54A-42A0-8ACB-F7540493513F}.Debug|Any CPU.Build.0 = Debug|Any CPU
		{4051E347-C54A-42A0-8ACB-F7540493513F}.Release|Any CPU.ActiveCfg = Release|Any CPU
		{4051E347-C54A-42A0-8ACB-F7540493513F}.Release|Any CPU.Build.0 = Release|Any CPU
		{2AAABC80-0123-4C4D-877C-6D4654817FFC}.Debug|Any CPU.ActiveCfg = Debug|Any CPU
		{2AAABC80-0123-4C4D-877C-6D4654817FFC}.Debug|Any CPU.Build.0 = Debug|Any CPU
		{2AAABC80-0123-4C4D-877C-6D4654817FFC}.Release|Any CPU.ActiveCfg = Release|Any CPU
		{2AAABC80-0123-4C4D-877C-6D4654817FFC}.Release|Any CPU.Build.0 = Release|Any CPU
		{EC569F06-0A24-4408-8173-3D4AA683B097}.Debug|Any CPU.ActiveCfg = Debug|Any CPU
		{EC569F06-0A24-4408-8173-3D4AA683B097}.Debug|Any CPU.Build.0 = Debug|Any CPU
		{EC569F06-0A24-4408-8173-3D4AA683B097}.Release|Any CPU.ActiveCfg = Release|Any CPU
		{EC569F06-0A24-4408-8173-3D4AA683B097}.Release|Any CPU.Build.0 = Release|Any CPU
		{2355B0F0-5D89-4BAC-9018-769CDC957AD1}.Debug|Any CPU.ActiveCfg = Debug|Any CPU
		{2355B0F0-5D89-4BAC-9018-769CDC957AD1}.Debug|Any CPU.Build.0 = Debug|Any CPU
		{2355B0F0-5D89-4BAC-9018-769CDC957AD1}.Release|Any CPU.ActiveCfg = Release|Any CPU
		{2355B0F0-5D89-4BAC-9018-769CDC957AD1}.Release|Any CPU.Build.0 = Release|Any CPU
		{C5DBE890-99E8-4A91-9757-3B608582C5B0}.Debug|Any CPU.ActiveCfg = Debug|Any CPU
		{C5DBE890-99E8-4A91-9757-3B608582C5B0}.Debug|Any CPU.Build.0 = Debug|Any CPU
		{C5DBE890-99E8-4A91-9757-3B608582C5B0}.Release|Any CPU.ActiveCfg = Release|Any CPU
		{C5DBE890-99E8-4A91-9757-3B608582C5B0}.Release|Any CPU.Build.0 = Release|Any CPU
	EndGlobalSection
	GlobalSection(SolutionProperties) = preSolution
		HideSolutionNode = FALSE
	EndGlobalSection
	GlobalSection(ExtensibilityGlobals) = postSolution
		SolutionGuid = {AB45BAB2-27E8-4E6E-9077-E85F230C0D25}
	EndGlobalSection
EndGlobal
